# THIS IS AN AUTOGENERATED FILE. DO NOT EDIT THIS FILE DIRECTLY.
# yarn lockfile v1


alamode@^3.3.0:
  version "3.3.0"
  resolved "https://registry.yarnpkg.com/alamode/-/alamode-3.3.0.tgz#5a73ebb8eae847934f747d67c2680698061b7bbe"
  integrity sha512-/Xi0rZ0HAyobAIi8DJQMeFF3kRrr15PGuYRwvxmQaOqSO3WJgXOsmhL6sZQuvD/okZztzujMxMA+21WOD2rYyQ==

documentary@^1.35.9:
  version "1.35.9"
  resolved "https://registry.yarnpkg.com/documentary/-/documentary-1.35.9.tgz#f0003b04c4a54325198e1189f81ba88aad87e21a"
  integrity sha512-NnZvzx+429RfwgehvpSNvTXFEOR3bnrPW09TZpPxwa2QnPOdRybxoKDrluP6QoGDQslOKXrWkzSXO/lesqPsWw==
  dependencies:
    alamode "^3.3.0"
    preact "8.5.3"
    typal "^1.24.19"

preact@8.5.3:
  version "8.5.3"
  resolved "https://registry.yarnpkg.com/preact/-/preact-8.5.3.tgz#78c2a5562fcecb1fed1d0055fa4ac1e27bde17c1"
  integrity sha512-O3kKP+1YdgqHOFsZF2a9JVdtqD+RPzCQc3rP+Ualf7V6rmRDchZ9MJbiGTT7LuyqFKZqlHSOyO/oMFmI2lVTsw==

typal@^1.24.19:
  version "1.26.0"
  resolved "https://registry.yarnpkg.com/typal/-/typal-1.26.0.tgz#72d0a3cb11795fd29397cdbc1aa7cff14e696406"
  integrity sha512-zmONxk2RvezXI0AKOa74yw9Ac5OvHNItlhThbcUtmi+MErbyi8uHh7mwf8bG2E1mB6MEJ1FQtwf0NBVPe4TVUg==
